{
  "name": "Kim-Nguyen-Blog-App-2",
  "lockfileVersion": 3,
  "requires": true,
  "packages": {
    "": {
      "dependencies": {
        "animejs": "^3.2.2",
        "ldrs": "^1.0.1"
      }
    },
    "node_modules/animejs": {
      "version": "3.2.2",
      "resolved": "https://registry.npmjs.org/animejs/-/animejs-3.2.2.tgz",
      "integrity": "sha512-Ao95qWLpDPXXM+WrmwcKbl6uNlC5tjnowlaRYtuVDHHoygjtIPfDUoK9NthrlZsQSKjZXlmji2TrBUAVbiH0LQ=="
    },
    "node_modules/ldrs": {
      "version": "1.0.1",
      "resolved": "https://registry.npmjs.org/ldrs/-/ldrs-1.0.1.tgz",
      "integrity": "sha512-eeCP1XEG72Yz6JX50zlYWRJcEfNBrpp8QSzyjD3HHhxrnt4steLX4iDHF3Dezjbnnj5qtuJn7lr1nln+/kpUIQ=="
    }
  }
}
